
Microsoft Visual Studio Solution File, Format Version 12.00
# Visual Studio 15
VisualStudioVersion = 15.0.28010.2046
MinimumVisualStudioVersion = 10.0.40219.1
Project("{FAE04EC0-301F-11D3-BF4B-00C04F79EFBC}") = "UDPEchoClient", "UDPEchoClient\UDPEchoClient.csproj", "{1F3D4A3A-1CDD-45CA-B07B-A9303E57731E}"
EndProject
Global
	GlobalSection(SolutionConfigurationPlatforms) = preSolution
		Debug|Any CPU = Debug|Any CPU
		Release|Any CPU = Release|Any CPU
	EndGlobalSection
	GlobalSection(ProjectConfigurationPlatforms) = postSolution
		{1F3D4A3A-1CDD-45CA-B07B-A9303E57731E}.Debug|Any CPU.ActiveCfg = Debug|Any CPU
		{1F3D4A3A-1CDD-45CA-B07B-A9303E57731E}.Debug|Any CPU.Build.0 = Debug|Any CPU
		{1F3D4A3A-1CDD-45CA-B07B-A9303E57731E}.Release|Any CPU.ActiveCfg = Release|Any CPU
		{1F3D4A3A-1CDD-45CA-B07B-A9303E57731E}.Release|Any CPU.Build.0 = Release|Any CPU
	EndGlobalSection
	GlobalSection(SolutionProperties) = preSolution
		HideSolutionNode = FALSE
	EndGlobalSection
	GlobalSection(ExtensibilityGlobals) = postSolution
		SolutionGuid = {7DDE8D53-195A-496D-8C03-E893EAC309E2}
	EndGlobalSection
EndGlobal
